
Microsoft Visual Studio Solution File, Format Version 12.00
# Visual Studio 14
VisualStudioVersion = 14.0.25420.1
MinimumVisualStudioVersion = 10.0.40219.1
Project("{D954291E-2A0B-460D-934E-DC6B0785DB48}") = "RootCauseTreeCore", "RootCauseTreeCore\RootCauseTreeCore.shproj", "{19C6E36C-45D7-457E-9CE8-9F15DFAAE39E}"
EndProject
Project("{FAE04EC0-301F-11D3-BF4B-00C04F79EFBC}") = "RootCauseTreeWpf", "RootCauseTreeWpf\RootCauseTreeWpf.csproj", "{ED8BA206-C38E-4AE5-A829-2B7F2A77EF6D}"
EndProject
Project("{FAE04EC0-301F-11D3-BF4B-00C04F79EFBC}") = "RootCauseTreeTests", "RootCauseTreeTests\RootCauseTreeTests.csproj", "{CC8EDEDD-CE51-419D-A853-F49A44E5D4D7}"
EndProject
Project("{54435603-DBB4-11D2-8724-00A0C9A8B90C}") = "RootCauseTreeInstaller", "RootCauseTreeInstaller\RootCauseTreeInstaller.vdproj", "{3B6F303C-E30B-469D-8894-7FDC6D9C784D}"
EndProject
Global
	GlobalSection(SharedMSBuildProjectFiles) = preSolution
		RootCauseTreeCore\RootCauseTreeCore.projitems*{19c6e36c-45d7-457e-9ce8-9f15dfaae39e}*SharedItemsImports = 13
		RootCauseTreeCore\RootCauseTreeCore.projitems*{cc8ededd-ce51-419d-a853-f49a44e5d4d7}*SharedItemsImports = 4
		RootCauseTreeCore\RootCauseTreeCore.projitems*{ed8ba206-c38e-4ae5-a829-2b7f2a77ef6d}*SharedItemsImports = 4
	EndGlobalSection
	GlobalSection(SolutionConfigurationPlatforms) = preSolution
		CutRelease|Any CPU = CutRelease|Any CPU
		CutRelease|x64 = CutRelease|x64
		CutRelease|x86 = CutRelease|x86
		Debug Surface Graph Viewer|Any CPU = Debug Surface Graph Viewer|Any CPU
		Debug Surface Graph Viewer|x64 = Debug Surface Graph Viewer|x64
		Debug Surface Graph Viewer|x86 = Debug Surface Graph Viewer|x86
		Debug|Any CPU = Debug|Any CPU
		Debug|x64 = Debug|x64
		Debug|x86 = Debug|x86
		DebugDevTrace|Any CPU = DebugDevTrace|Any CPU
		DebugDevTrace|x64 = DebugDevTrace|x64
		DebugDevTrace|x86 = DebugDevTrace|x86
		DebugSurface|Any CPU = DebugSurface|Any CPU
		DebugSurface|x64 = DebugSurface|x64
		DebugSurface|x86 = DebugSurface|x86
		DebugWithoutRebuild|Any CPU = DebugWithoutRebuild|Any CPU
		DebugWithoutRebuild|x64 = DebugWithoutRebuild|x64
		DebugWithoutRebuild|x86 = DebugWithoutRebuild|x86
		MinimalMsagl|Any CPU = MinimalMsagl|Any CPU
		MinimalMsagl|x64 = MinimalMsagl|x64
		MinimalMsagl|x86 = MinimalMsagl|x86
		Release|Any CPU = Release|Any CPU
		Release|x64 = Release|x64
		Release|x86 = Release|x86
		Retail|Any CPU = Retail|Any CPU
		Retail|x64 = Retail|x64
		Retail|x86 = Retail|x86
		Setup|Any CPU = Setup|Any CPU
		Setup|x64 = Setup|x64
		Setup|x86 = Setup|x86
		Surface Graph Viewer - Debug|Any CPU = Surface Graph Viewer - Debug|Any CPU
		Surface Graph Viewer - Debug|x64 = Surface Graph Viewer - Debug|x64
		Surface Graph Viewer - Debug|x86 = Surface Graph Viewer - Debug|x86
		Surface Graph Viewer - Release|Any CPU = Surface Graph Viewer - Release|Any CPU
		Surface Graph Viewer - Release|x64 = Surface Graph Viewer - Release|x64
		Surface Graph Viewer - Release|x86 = Surface Graph Viewer - Release|x86
	EndGlobalSection
	GlobalSection(ProjectConfigurationPlatforms) = postSolution
		{ED8BA206-C38E-4AE5-A829-2B7F2A77EF6D}.CutRelease|Any CPU.ActiveCfg = Release|Any CPU
		{ED8BA206-C38E-4AE5-A829-2B7F2A77EF6D}.CutRelease|Any CPU.Build.0 = Release|Any CPU
		{ED8BA206-C38E-4AE5-A829-2B7F2A77EF6D}.CutRelease|x64.ActiveCfg = Release|Any CPU
		{ED8BA206-C38E-4AE5-A829-2B7F2A77EF6D}.CutRelease|x64.Build.0 = Release|Any CPU
		{ED8BA206-C38E-4AE5-A829-2B7F2A77EF6D}.CutRelease|x86.ActiveCfg = Release|Any CPU
		{ED8BA206-C38E-4AE5-A829-2B7F2A77EF6D}.CutRelease|x86.Build.0 = Release|Any CPU
		{ED8BA206-C38E-4AE5-A829-2B7F2A77EF6D}.Debug Surface Graph Viewer|Any CPU.ActiveCfg = Debug|Any CPU
		{ED8BA206-C38E-4AE5-A829-2B7F2A77EF6D}.Debug Surface Graph Viewer|Any CPU.Build.0 = Debug|Any CPU
		{ED8BA206-C38E-4AE5-A829-2B7F2A77EF6D}.Debug Surface Graph Viewer|x64.ActiveCfg = Debug|Any CPU
		{ED8BA206-C38E-4AE5-A829-2B7F2A77EF6D}.Debug Surface Graph Viewer|x64.Build.0 = Debug|Any CPU
		{ED8BA206-C38E-4AE5-A829-2B7F2A77EF6D}.Debug Surface Graph Viewer|x86.ActiveCfg = Debug|Any CPU
		{ED8BA206-C38E-4AE5-A829-2B7F2A77EF6D}.Debug Surface Graph Viewer|x86.Build.0 = Debug|Any CPU
		{ED8BA206-C38E-4AE5-A829-2B7F2A77EF6D}.Debug|Any CPU.ActiveCfg = Debug|Any CPU
		{ED8BA206-C38E-4AE5-A829-2B7F2A77EF6D}.Debug|Any CPU.Build.0 = Debug|Any CPU
		{ED8BA206-C38E-4AE5-A829-2B7F2A77EF6D}.Debug|x64.ActiveCfg = Debug|Any CPU
		{ED8BA206-C38E-4AE5-A829-2B7F2A77EF6D}.Debug|x64.Build.0 = Debug|Any CPU
		{ED8BA206-C38E-4AE5-A829-2B7F2A77EF6D}.Debug|x86.ActiveCfg = Debug|Any CPU
		{ED8BA206-C38E-4AE5-A829-2B7F2A77EF6D}.Debug|x86.Build.0 = Debug|Any CPU
		{ED8BA206-C38E-4AE5-A829-2B7F2A77EF6D}.DebugDevTrace|Any CPU.ActiveCfg = Debug|Any CPU
		{ED8BA206-C38E-4AE5-A829-2B7F2A77EF6D}.DebugDevTrace|Any CPU.Build.0 = Debug|Any CPU
		{ED8BA206-C38E-4AE5-A829-2B7F2A77EF6D}.DebugDevTrace|x64.ActiveCfg = Debug|Any CPU
		{ED8BA206-C38E-4AE5-A829-2B7F2A77EF6D}.DebugDevTrace|x64.Build.0 = Debug|Any CPU
		{ED8BA206-C38E-4AE5-A829-2B7F2A77EF6D}.DebugDevTrace|x86.ActiveCfg = Debug|Any CPU
		{ED8BA206-C38E-4AE5-A829-2B7F2A77EF6D}.DebugDevTrace|x86.Build.0 = Debug|Any CPU
		{ED8BA206-C38E-4AE5-A829-2B7F2A77EF6D}.DebugSurface|Any CPU.ActiveCfg = Debug|Any CPU
		{ED8BA206-C38E-4AE5-A829-2B7F2A77EF6D}.DebugSurface|Any CPU.Build.0 = Debug|Any CPU
		{ED8BA206-C38E-4AE5-A829-2B7F2A77EF6D}.DebugSurface|x64.ActiveCfg = Debug|Any CPU
		{ED8BA206-C38E-4AE5-A829-2B7F2A77EF6D}.DebugSurface|x64.Build.0 = Debug|Any CPU
		{ED8BA206-C38E-4AE5-A829-2B7F2A77EF6D}.DebugSurface|x86.ActiveCfg = Debug|Any CPU
		{ED8BA206-C38E-4AE5-A829-2B7F2A77EF6D}.DebugSurface|x86.Build.0 = Debug|Any CPU
		{ED8BA206-C38E-4AE5-A829-2B7F2A77EF6D}.DebugWithoutRebuild|Any CPU.ActiveCfg = Debug|Any CPU
		{ED8BA206-C38E-4AE5-A829-2B7F2A77EF6D}.DebugWithoutRebuild|Any CPU.Build.0 = Debug|Any CPU
		{ED8BA206-C38E-4AE5-A829-2B7F2A77EF6D}.DebugWithoutRebuild|x64.ActiveCfg = Debug|Any CPU
		{ED8BA206-C38E-4AE5-A829-2B7F2A77EF6D}.DebugWithoutRebuild|x64.Build.0 = Debug|Any CPU
		{ED8BA206-C38E-4AE5-A829-2B7F2A77EF6D}.DebugWithoutRebuild|x86.ActiveCfg = Debug|Any CPU
		{ED8BA206-C38E-4AE5-A829-2B7F2A77EF6D}.DebugWithoutRebuild|x86.Build.0 = Debug|Any CPU
		{ED8BA206-C38E-4AE5-A829-2B7F2A77EF6D}.MinimalMsagl|Any CPU.ActiveCfg = Release|Any CPU
		{ED8BA206-C38E-4AE5-A829-2B7F2A77EF6D}.MinimalMsagl|Any CPU.Build.0 = Release|Any CPU
		{ED8BA206-C38E-4AE5-A829-2B7F2A77EF6D}.MinimalMsagl|x64.ActiveCfg = Release|Any CPU
		{ED8BA206-C38E-4AE5-A829-2B7F2A77EF6D}.MinimalMsagl|x64.Build.0 = Release|Any CPU
		{ED8BA206-C38E-4AE5-A829-2B7F2A77EF6D}.MinimalMsagl|x86.ActiveCfg = Release|Any CPU
		{ED8BA206-C38E-4AE5-A829-2B7F2A77EF6D}.MinimalMsagl|x86.Build.0 = Release|Any CPU
		{ED8BA206-C38E-4AE5-A829-2B7F2A77EF6D}.Release|Any CPU.ActiveCfg = Release|Any CPU
		{ED8BA206-C38E-4AE5-A829-2B7F2A77EF6D}.Release|Any CPU.Build.0 = Release|Any CPU
		{ED8BA206-C38E-4AE5-A829-2B7F2A77EF6D}.Release|x64.ActiveCfg = Release|Any CPU
		{ED8BA206-C38E-4AE5-A829-2B7F2A77EF6D}.Release|x64.Build.0 = Release|Any CPU
		{ED8BA206-C38E-4AE5-A829-2B7F2A77EF6D}.Release|x86.ActiveCfg = Release|Any CPU
		{ED8BA206-C38E-4AE5-A829-2B7F2A77EF6D}.Release|x86.Build.0 = Release|Any CPU
		{ED8BA206-C38E-4AE5-A829-2B7F2A77EF6D}.Retail|Any CPU.ActiveCfg = Release|Any CPU
		{ED8BA206-C38E-4AE5-A829-2B7F2A77EF6D}.Retail|Any CPU.Build.0 = Release|Any CPU
		{ED8BA206-C38E-4AE5-A829-2B7F2A77EF6D}.Retail|x64.ActiveCfg = Release|Any CPU
		{ED8BA206-C38E-4AE5-A829-2B7F2A77EF6D}.Retail|x64.Build.0 = Release|Any CPU
		{ED8BA206-C38E-4AE5-A829-2B7F2A77EF6D}.Retail|x86.ActiveCfg = Release|Any CPU
		{ED8BA206-C38E-4AE5-A829-2B7F2A77EF6D}.Retail|x86.Build.0 = Release|Any CPU
		{ED8BA206-C38E-4AE5-A829-2B7F2A77EF6D}.Setup|Any CPU.ActiveCfg = Release|Any CPU
		{ED8BA206-C38E-4AE5-A829-2B7F2A77EF6D}.Setup|Any CPU.Build.0 = Release|Any CPU
		{ED8BA206-C38E-4AE5-A829-2B7F2A77EF6D}.Setup|x64.ActiveCfg = Release|Any CPU
		{ED8BA206-C38E-4AE5-A829-2B7F2A77EF6D}.Setup|x64.Build.0 = Release|Any CPU
		{ED8BA206-C38E-4AE5-A829-2B7F2A77EF6D}.Setup|x86.ActiveCfg = Release|Any CPU
		{ED8BA206-C38E-4AE5-A829-2B7F2A77EF6D}.Setup|x86.Build.0 = Release|Any CPU
		{ED8BA206-C38E-4AE5-A829-2B7F2A77EF6D}.Surface Graph Viewer - Debug|Any CPU.ActiveCfg = Debug|Any CPU
		{ED8BA206-C38E-4AE5-A829-2B7F2A77EF6D}.Surface Graph Viewer - Debug|Any CPU.Build.0 = Debug|Any CPU
		{ED8BA206-C38E-4AE5-A829-2B7F2A77EF6D}.Surface Graph Viewer - Debug|x64.ActiveCfg = Debug|Any CPU
		{ED8BA206-C38E-4AE5-A829-2B7F2A77EF6D}.Surface Graph Viewer - Debug|x64.Build.0 = Debug|Any CPU
		{ED8BA206-C38E-4AE5-A829-2B7F2A77EF6D}.Surface Graph Viewer - Debug|x86.ActiveCfg = Debug|Any CPU
		{ED8BA206-C38E-4AE5-A829-2B7F2A77EF6D}.Surface Graph Viewer - Debug|x86.Build.0 = Debug|Any CPU
		{ED8BA206-C38E-4AE5-A829-2B7F2A77EF6D}.Surface Graph Viewer - Release|Any CPU.ActiveCfg = Release|Any CPU
		{ED8BA206-C38E-4AE5-A829-2B7F2A77EF6D}.Surface Graph Viewer - Release|Any CPU.Build.0 = Release|Any CPU
		{ED8BA206-C38E-4AE5-A829-2B7F2A77EF6D}.Surface Graph Viewer - Release|x64.ActiveCfg = Release|Any CPU
		{ED8BA206-C38E-4AE5-A829-2B7F2A77EF6D}.Surface Graph Viewer - Release|x64.Build.0 = Release|Any CPU
		{ED8BA206-C38E-4AE5-A829-2B7F2A77EF6D}.Surface Graph Viewer - Release|x86.ActiveCfg = Release|Any CPU
		{ED8BA206-C38E-4AE5-A829-2B7F2A77EF6D}.Surface Graph Viewer - Release|x86.Build.0 = Release|Any CPU
		{CC8EDEDD-CE51-419D-A853-F49A44E5D4D7}.CutRelease|Any CPU.ActiveCfg = Release|Any CPU
		{CC8EDEDD-CE51-419D-A853-F49A44E5D4D7}.CutRelease|Any CPU.Build.0 = Release|Any CPU
		{CC8EDEDD-CE51-419D-A853-F49A44E5D4D7}.CutRelease|x64.ActiveCfg = Release|Any CPU
		{CC8EDEDD-CE51-419D-A853-F49A44E5D4D7}.CutRelease|x64.Build.0 = Release|Any CPU
		{CC8EDEDD-CE51-419D-A853-F49A44E5D4D7}.CutRelease|x86.ActiveCfg = Release|Any CPU
		{CC8EDEDD-CE51-419D-A853-F49A44E5D4D7}.CutRelease|x86.Build.0 = Release|Any CPU
		{CC8EDEDD-CE51-419D-A853-F49A44E5D4D7}.Debug Surface Graph Viewer|Any CPU.ActiveCfg = Debug|Any CPU
		{CC8EDEDD-CE51-419D-A853-F49A44E5D4D7}.Debug Surface Graph Viewer|Any CPU.Build.0 = Debug|Any CPU
		{CC8EDEDD-CE51-419D-A853-F49A44E5D4D7}.Debug Surface Graph Viewer|x64.ActiveCfg = Debug|Any CPU
		{CC8EDEDD-CE51-419D-A853-F49A44E5D4D7}.Debug Surface Graph Viewer|x64.Build.0 = Debug|Any CPU
		{CC8EDEDD-CE51-419D-A853-F49A44E5D4D7}.Debug Surface Graph Viewer|x86.ActiveCfg = Debug|Any CPU
		{CC8EDEDD-CE51-419D-A853-F49A44E5D4D7}.Debug Surface Graph Viewer|x86.Build.0 = Debug|Any CPU
		{CC8EDEDD-CE51-419D-A853-F49A44E5D4D7}.Debug|Any CPU.ActiveCfg = Debug|Any CPU
		{CC8EDEDD-CE51-419D-A853-F49A44E5D4D7}.Debug|Any CPU.Build.0 = Debug|Any CPU
		{CC8EDEDD-CE51-419D-A853-F49A44E5D4D7}.Debug|x64.ActiveCfg = Debug|Any CPU
		{CC8EDEDD-CE51-419D-A853-F49A44E5D4D7}.Debug|x64.Build.0 = Debug|Any CPU
		{CC8EDEDD-CE51-419D-A853-F49A44E5D4D7}.Debug|x86.ActiveCfg = Debug|Any CPU
		{CC8EDEDD-CE51-419D-A853-F49A44E5D4D7}.Debug|x86.Build.0 = Debug|Any CPU
		{CC8EDEDD-CE51-419D-A853-F49A44E5D4D7}.DebugDevTrace|Any CPU.ActiveCfg = Debug|Any CPU
		{CC8EDEDD-CE51-419D-A853-F49A44E5D4D7}.DebugDevTrace|Any CPU.Build.0 = Debug|Any CPU
		{CC8EDEDD-CE51-419D-A853-F49A44E5D4D7}.DebugDevTrace|x64.ActiveCfg = Debug|Any CPU
		{CC8EDEDD-CE51-419D-A853-F49A44E5D4D7}.DebugDevTrace|x64.Build.0 = Debug|Any CPU
		{CC8EDEDD-CE51-419D-A853-F49A44E5D4D7}.DebugDevTrace|x86.ActiveCfg = Debug|Any CPU
		{CC8EDEDD-CE51-419D-A853-F49A44E5D4D7}.DebugDevTrace|x86.Build.0 = Debug|Any CPU
		{CC8EDEDD-CE51-419D-A853-F49A44E5D4D7}.DebugSurface|Any CPU.ActiveCfg = Debug|Any CPU
		{CC8EDEDD-CE51-419D-A853-F49A44E5D4D7}.DebugSurface|Any CPU.Build.0 = Debug|Any CPU
		{CC8EDEDD-CE51-419D-A853-F49A44E5D4D7}.DebugSurface|x64.ActiveCfg = Debug|Any CPU
		{CC8EDEDD-CE51-419D-A853-F49A44E5D4D7}.DebugSurface|x64.Build.0 = Debug|Any CPU
		{CC8EDEDD-CE51-419D-A853-F49A44E5D4D7}.DebugSurface|x86.ActiveCfg = Debug|Any CPU
		{CC8EDEDD-CE51-419D-A853-F49A44E5D4D7}.DebugSurface|x86.Build.0 = Debug|Any CPU
		{CC8EDEDD-CE51-419D-A853-F49A44E5D4D7}.DebugWithoutRebuild|Any CPU.ActiveCfg = Debug|Any CPU
		{CC8EDEDD-CE51-419D-A853-F49A44E5D4D7}.DebugWithoutRebuild|Any CPU.Build.0 = Debug|Any CPU
		{CC8EDEDD-CE51-419D-A853-F49A44E5D4D7}.DebugWithoutRebuild|x64.ActiveCfg = Debug|Any CPU
		{CC8EDEDD-CE51-419D-A853-F49A44E5D4D7}.DebugWithoutRebuild|x64.Build.0 = Debug|Any CPU
		{CC8EDEDD-CE51-419D-A853-F49A44E5D4D7}.DebugWithoutRebuild|x86.ActiveCfg = Debug|Any CPU
		{CC8EDEDD-CE51-419D-A853-F49A44E5D4D7}.DebugWithoutRebuild|x86.Build.0 = Debug|Any CPU
		{CC8EDEDD-CE51-419D-A853-F49A44E5D4D7}.MinimalMsagl|Any CPU.ActiveCfg = Release|Any CPU
		{CC8EDEDD-CE51-419D-A853-F49A44E5D4D7}.MinimalMsagl|Any CPU.Build.0 = Release|Any CPU
		{CC8EDEDD-CE51-419D-A853-F49A44E5D4D7}.MinimalMsagl|x64.ActiveCfg = Release|Any CPU
		{CC8EDEDD-CE51-419D-A853-F49A44E5D4D7}.MinimalMsagl|x64.Build.0 = Release|Any CPU
		{CC8EDEDD-CE51-419D-A853-F49A44E5D4D7}.MinimalMsagl|x86.ActiveCfg = Release|Any CPU
		{CC8EDEDD-CE51-419D-A853-F49A44E5D4D7}.MinimalMsagl|x86.Build.0 = Release|Any CPU
		{CC8EDEDD-CE51-419D-A853-F49A44E5D4D7}.Release|Any CPU.ActiveCfg = Release|Any CPU
		{CC8EDEDD-CE51-419D-A853-F49A44E5D4D7}.Release|Any CPU.Build.0 = Release|Any CPU
		{CC8EDEDD-CE51-419D-A853-F49A44E5D4D7}.Release|x64.ActiveCfg = Release|Any CPU
		{CC8EDEDD-CE51-419D-A853-F49A44E5D4D7}.Release|x64.Build.0 = Release|Any CPU
		{CC8EDEDD-CE51-419D-A853-F49A44E5D4D7}.Release|x86.ActiveCfg = Release|Any CPU
		{CC8EDEDD-CE51-419D-A853-F49A44E5D4D7}.Release|x86.Build.0 = Release|Any CPU
		{CC8EDEDD-CE51-419D-A853-F49A44E5D4D7}.Retail|Any CPU.ActiveCfg = Release|Any CPU
		{CC8EDEDD-CE51-419D-A853-F49A44E5D4D7}.Retail|Any CPU.Build.0 = Release|Any CPU
		{CC8EDEDD-CE51-419D-A853-F49A44E5D4D7}.Retail|x64.ActiveCfg = Release|Any CPU
		{CC8EDEDD-CE51-419D-A853-F49A44E5D4D7}.Retail|x64.Build.0 = Release|Any CPU
		{CC8EDEDD-CE51-419D-A853-F49A44E5D4D7}.Retail|x86.ActiveCfg = Release|Any CPU
		{CC8EDEDD-CE51-419D-A853-F49A44E5D4D7}.Retail|x86.Build.0 = Release|Any CPU
		{CC8EDEDD-CE51-419D-A853-F49A44E5D4D7}.Setup|Any CPU.ActiveCfg = Release|Any CPU
		{CC8EDEDD-CE51-419D-A853-F49A44E5D4D7}.Setup|Any CPU.Build.0 = Release|Any CPU
		{CC8EDEDD-CE51-419D-A853-F49A44E5D4D7}.Setup|x64.ActiveCfg = Release|Any CPU
		{CC8EDEDD-CE51-419D-A853-F49A44E5D4D7}.Setup|x64.Build.0 = Release|Any CPU
		{CC8EDEDD-CE51-419D-A853-F49A44E5D4D7}.Setup|x86.ActiveCfg = Release|Any CPU
		{CC8EDEDD-CE51-419D-A853-F49A44E5D4D7}.Setup|x86.Build.0 = Release|Any CPU
		{CC8EDEDD-CE51-419D-A853-F49A44E5D4D7}.Surface Graph Viewer - Debug|Any CPU.ActiveCfg = Debug|Any CPU
		{CC8EDEDD-CE51-419D-A853-F49A44E5D4D7}.Surface Graph Viewer - Debug|Any CPU.Build.0 = Debug|Any CPU
		{CC8EDEDD-CE51-419D-A853-F49A44E5D4D7}.Surface Graph Viewer - Debug|x64.ActiveCfg = Debug|Any CPU
		{CC8EDEDD-CE51-419D-A853-F49A44E5D4D7}.Surface Graph Viewer - Debug|x64.Build.0 = Debug|Any CPU
		{CC8EDEDD-CE51-419D-A853-F49A44E5D4D7}.Surface Graph Viewer - Debug|x86.ActiveCfg = Debug|Any CPU
		{CC8EDEDD-CE51-419D-A853-F49A44E5D4D7}.Surface Graph Viewer - Debug|x86.Build.0 = Debug|Any CPU
		{CC8EDEDD-CE51-419D-A853-F49A44E5D4D7}.Surface Graph Viewer - Release|Any CPU.ActiveCfg = Release|Any CPU
		{CC8EDEDD-CE51-419D-A853-F49A44E5D4D7}.Surface Graph Viewer - Release|Any CPU.Build.0 = Release|Any CPU
		{CC8EDEDD-CE51-419D-A853-F49A44E5D4D7}.Surface Graph Viewer - Release|x64.ActiveCfg = Release|Any CPU
		{CC8EDEDD-CE51-419D-A853-F49A44E5D4D7}.Surface Graph Viewer - Release|x64.Build.0 = Release|Any CPU
		{CC8EDEDD-CE51-419D-A853-F49A44E5D4D7}.Surface Graph Viewer - Release|x86.ActiveCfg = Release|Any CPU
		{CC8EDEDD-CE51-419D-A853-F49A44E5D4D7}.Surface Graph Viewer - Release|x86.Build.0 = Release|Any CPU
		{3B6F303C-E30B-469D-8894-7FDC6D9C784D}.CutRelease|Any CPU.ActiveCfg = Release
		{3B6F303C-E30B-469D-8894-7FDC6D9C784D}.CutRelease|x64.ActiveCfg = Release
		{3B6F303C-E30B-469D-8894-7FDC6D9C784D}.CutRelease|x86.ActiveCfg = Release
		{3B6F303C-E30B-469D-8894-7FDC6D9C784D}.Debug Surface Graph Viewer|Any CPU.ActiveCfg = Debug
		{3B6F303C-E30B-469D-8894-7FDC6D9C784D}.Debug Surface Graph Viewer|x64.ActiveCfg = Debug
		{3B6F303C-E30B-469D-8894-7FDC6D9C784D}.Debug Surface Graph Viewer|x86.ActiveCfg = Debug
		{3B6F303C-E30B-469D-8894-7FDC6D9C784D}.Debug|Any CPU.ActiveCfg = Debug
		{3B6F303C-E30B-469D-8894-7FDC6D9C784D}.Debug|x64.ActiveCfg = Debug
		{3B6F303C-E30B-469D-8894-7FDC6D9C784D}.Debug|x86.ActiveCfg = Debug
		{3B6F303C-E30B-469D-8894-7FDC6D9C784D}.DebugDevTrace|Any CPU.ActiveCfg = Debug
		{3B6F303C-E30B-469D-8894-7FDC6D9C784D}.DebugDevTrace|x64.ActiveCfg = Debug
		{3B6F303C-E30B-469D-8894-7FDC6D9C784D}.DebugDevTrace|x86.ActiveCfg = Debug
		{3B6F303C-E30B-469D-8894-7FDC6D9C784D}.DebugSurface|Any CPU.ActiveCfg = Debug
		{3B6F303C-E30B-469D-8894-7FDC6D9C784D}.DebugSurface|x64.ActiveCfg = Debug
		{3B6F303C-E30B-469D-8894-7FDC6D9C784D}.DebugSurface|x86.ActiveCfg = Debug
		{3B6F303C-E30B-469D-8894-7FDC6D9C784D}.DebugWithoutRebuild|Any CPU.ActiveCfg = Debug
		{3B6F303C-E30B-469D-8894-7FDC6D9C784D}.DebugWithoutRebuild|x64.ActiveCfg = Debug
		{3B6F303C-E30B-469D-8894-7FDC6D9C784D}.DebugWithoutRebuild|x86.ActiveCfg = Debug
		{3B6F303C-E30B-469D-8894-7FDC6D9C784D}.MinimalMsagl|Any CPU.ActiveCfg = Release
		{3B6F303C-E30B-469D-8894-7FDC6D9C784D}.MinimalMsagl|x64.ActiveCfg = Release
		{3B6F303C-E30B-469D-8894-7FDC6D9C784D}.MinimalMsagl|x86.ActiveCfg = Release
		{3B6F303C-E30B-469D-8894-7FDC6D9C784D}.Release|Any CPU.ActiveCfg = Release
		{3B6F303C-E30B-469D-8894-7FDC6D9C784D}.Release|x64.ActiveCfg = Release
		{3B6F303C-E30B-469D-8894-7FDC6D9C784D}.Release|x86.ActiveCfg = Release
		{3B6F303C-E30B-469D-8894-7FDC6D9C784D}.Retail|Any CPU.ActiveCfg = Release
		{3B6F303C-E30B-469D-8894-7FDC6D9C784D}.Retail|x64.ActiveCfg = Release
		{3B6F303C-E30B-469D-8894-7FDC6D9C784D}.Retail|x86.ActiveCfg = Release
		{3B6F303C-E30B-469D-8894-7FDC6D9C784D}.Setup|Any CPU.ActiveCfg = Release
		{3B6F303C-E30B-469D-8894-7FDC6D9C784D}.Setup|x64.ActiveCfg = Release
		{3B6F303C-E30B-469D-8894-7FDC6D9C784D}.Setup|x86.ActiveCfg = Release
		{3B6F303C-E30B-469D-8894-7FDC6D9C784D}.Surface Graph Viewer - Debug|Any CPU.ActiveCfg = Debug
		{3B6F303C-E30B-469D-8894-7FDC6D9C784D}.Surface Graph Viewer - Debug|x64.ActiveCfg = Debug
		{3B6F303C-E30B-469D-8894-7FDC6D9C784D}.Surface Graph Viewer - Debug|x86.ActiveCfg = Debug
		{3B6F303C-E30B-469D-8894-7FDC6D9C784D}.Surface Graph Viewer - Release|Any CPU.ActiveCfg = Release
		{3B6F303C-E30B-469D-8894-7FDC6D9C784D}.Surface Graph Viewer - Release|x64.ActiveCfg = Release
		{3B6F303C-E30B-469D-8894-7FDC6D9C784D}.Surface Graph Viewer - Release|x86.ActiveCfg = Release
	EndGlobalSection
	GlobalSection(SolutionProperties) = preSolution
		HideSolutionNode = FALSE
	EndGlobalSection
EndGlobal
